// !$*UTF8*$!
{
	archiveVersion = 1;
	classes = {
	};
	objectVersion = 48;
	objects = {

/* Begin PBXBuildFile section */
		48C6529F200B81C400A3795C /* RNPayments.m in Sources */ = {isa = PBXBuildFile; fileRef = 48C6529E200B81C400A3795C /* RNPayments.m */; };
		48C652A0200B81C400A3795C /* RNPayments.h in CopyFiles */ = {isa = PBXBuildFile; fileRef = 48C6529D200B81C400A3795C /* RNPayments.h */; };
		48C652A8200B824C00A3795C /* SKProduct+StringPrice.m in Sources */ = {isa = PBXBuildFile; fileRef = 48C652A7200B824C00A3795C /* SKProduct+StringPrice.m */; };
		D14181932254E1FD009CE9B4 /* RNPayments.m in Sources */ = {isa = PBXBuildFile; fileRef = 48C6529E200B81C400A3795C /* RNPayments.m */; };
		D14181942254E200009CE9B4 /* SKProduct+StringPrice.m in Sources */ = {isa = PBXBuildFile; fileRef = 48C652A7200B824C00A3795C /* SKProduct+StringPrice.m */; };
/* End PBXBuildFile section */

/* Begin PBXCopyFilesBuildPhase section */
		48C65298200B81C400A3795C /* CopyFiles */ = {
			isa = PBXCopyFilesBuildPhase;
			buildActionMask = 2147483647;
			dstPath = "include/$(PRODUCT_NAME)";
			dstSubfolderSpec = 16;
			files = (
				48C652A0200B81C400A3795C /* RNPayments.h in CopyFiles */,
			);
			runOnlyForDeploymentPostprocessing = 0;
		};
		D14181882254E1EF009CE9B4 /* CopyFiles */ = {
			isa = PBXCopyFilesBuildPhase;
			buildActionMask = 2147483647;
			dstPath = "include/$(PRODUCT_NAME)";
			dstSubfolderSpec = 16;
			files = (
			);
			runOnlyForDeploymentPostprocessing = 0;
		};
/* End PBXCopyFilesBuildPhase section */

/* Begin PBXFileReference section */
		48C6529A200B81C400A3795C /* libRNPayments.a */ = {isa = PBXFileReference; explicitFileType = archive.ar; includeInIndex = 0; path = libRNPayments.a; sourceTree = BUILT_PRODUCTS_DIR; };
		48C6529D200B81C400A3795C /* RNPayments.h */ = {isa = PBXFileReference; lastKnownFileType = sourcecode.c.h; path = RNPayments.h; sourceTree = "<group>"; };
		48C6529E200B81C400A3795C /* RNPayments.m */ = {isa = PBXFileReference; lastKnownFileType = sourcecode.c.objc; path = RNPayments.m; sourceTree = "<group>"; };
		48C652A6200B824C00A3795C /* SKProduct+StringPrice.h */ = {isa = PBXFileReference; lastKnownFileType = sourcecode.c.h; path = "SKProduct+StringPrice.h"; sourceTree = "<group>"; };
		48C652A7200B824C00A3795C /* SKProduct+StringPrice.m */ = {isa = PBXFileReference; lastKnownFileType = sourcecode.c.objc; path = "SKProduct+StringPrice.m"; sourceTree = "<group>"; };
		D141818A2254E1EF009CE9B4 /* libRNPayments-tvOS.a */ = {isa = PBXFileReference; explicitFileType = archive.ar; includeInIndex = 0; path = "libRNPayments-tvOS.a"; sourceTree = BUILT_PRODUCTS_DIR; };
/* End PBXFileReference section */

/* Begin PBXFrameworksBuildPhase section */
		48C65297200B81C400A3795C /* Frameworks */ = {
			isa = PBXFrameworksBuildPhase;
			buildActionMask = 2147483647;
			files = (
			);
			runOnlyForDeploymentPostprocessing = 0;
		};
		D14181872254E1EF009CE9B4 /* Frameworks */ = {
			isa = PBXFrameworksBuildPhase;
			buildActionMask = 2147483647;
			files = (
			);
			runOnlyForDeploymentPostprocessing = 0;
		};
/* End PBXFrameworksBuildPhase section */

/* Begin PBXGroup section */
		48C65291200B81C400A3795C = {
			isa = PBXGroup;
			children = (
				48C6529C200B81C400A3795C /* RNPayments */,
				48C6529B200B81C400A3795C /* Products */,
			);
			sourceTree = "<group>";
		};
		48C6529B200B81C400A3795C /* Products */ = {
			isa = PBXGroup;
			children = (
				48C6529A200B81C400A3795C /* libRNPayments.a */,
				D141818A2254E1EF009CE9B4 /* libRNPayments-tvOS.a */,
			);
			name = Products;
			sourceTree = "<group>";
		};
		48C6529C200B81C400A3795C /* RNPayments */ = {
			isa = PBXGroup;
			children = (
				48C6529D200B81C400A3795C /* RNPayments.h */,
				48C6529E200B81C400A3795C /* RNPayments.m */,
				48C652A6200B824C00A3795C /* SKProduct+StringPrice.h */,
				48C652A7200B824C00A3795C /* SKProduct+StringPrice.m */,
			);
			path = RNPayments;
			sourceTree = "<group>";
		};
/* End PBXGroup section */

/* Begin PBXNativeTarget section */
		48C65299200B81C400A3795C /* RNPayments */ = {
			isa = PBXNativeTarget;
			buildConfigurationList = 48C652A3200B81C400A3795C /* Build configuration list for PBXNativeTarget "RNPayments" */;
			buildPhases = (
				48C65296200B81C400A3795C /* Sources */,
				48C65297200B81C400A3795C /* Frameworks */,
				48C65298200B81C400A3795C /* CopyFiles */,
			);
			buildRules = (
			);
			dependencies = (
			);
			name = RNPayments;
			productName = RNPayments;
			productReference = 48C6529A200B81C400A3795C /* libRNPayments.a */;
			productType = "com.apple.product-type.library.static";
		};
		D14181892254E1EF009CE9B4 /* RNPayments-tvOS */ = {
			isa = PBXNativeTarget;
			buildConfigurationList = D14181922254E1EF009CE9B4 /* Build configuration list for PBXNativeTarget "RNPayments-tvOS" */;
			buildPhases = (
				D14181862254E1EF009CE9B4 /* Sources */,
				D14181872254E1EF009CE9B4 /* Frameworks */,
				D14181882254E1EF009CE9B4 /* CopyFiles */,
			);
			buildRules = (
			);
			dependencies = (
			);
			name = "RNPayments-tvOS";
			productName = "RNPayments-tvOS";
			productReference = D141818A2254E1EF009CE9B4 /* libRNPayments-tvOS.a */;
			productType = "com.apple.product-type.library.static";
		};
/* End PBXNativeTarget section */

/* Begin PBXProject section */
		48C65292200B81C400A3795C /* Project object */ = {
			isa = PBXProject;
			attributes = {
				LastUpgradeCheck = 0920;
				ORGANIZATIONNAME = "IMG Gaming";
				TargetAttributes = {
					48C65299200B81C400A3795C = {
						CreatedOnToolsVersion = 9.2;
						ProvisioningStyle = Automatic;
					};
					D14181892254E1EF009CE9B4 = {
						CreatedOnToolsVersion = 10.1;
						ProvisioningStyle = Automatic;
					};
				};
			};
			buildConfigurationList = 48C65295200B81C400A3795C /* Build configuration list for PBXProject "RNPayments" */;
			compatibilityVersion = "Xcode 8.0";
			developmentRegion = en;
			hasScannedForEncodings = 0;
			knownRegions = (
				en,
			);
			mainGroup = 48C65291200B81C400A3795C;
			productRefGroup = 48C6529B200B81C400A3795C /* Products */;
			projectDirPath = "";
			projectRoot = "";
			targets = (
				48C65299200B81C400A3795C /* RNPayments */,
				D14181892254E1EF009CE9B4 /* RNPayments-tvOS */,
			);
		};
/* End PBXProject section */

/* Begin PBXSourcesBuildPhase section */
		48C65296200B81C400A3795C /* Sources */ = {
			isa = PBXSourcesBuildPhase;
			buildActionMask = 2147483647;
			files = (
				48C6529F200B81C400A3795C /* RNPayments.m in Sources */,
				48C652A8200B824C00A3795C /* SKProduct+StringPrice.m in Sources */,
			);
			runOnlyForDeploymentPostprocessing = 0;
		};
		D14181862254E1EF009CE9B4 /* Sources */ = {
			isa = PBXSourcesBuildPhase;
			buildActionMask = 2147483647;
			files = (
				D14181942254E200009CE9B4 /* SKProduct+StringPrice.m in Sources */,
				D14181932254E1FD009CE9B4 /* RNPayments.m in Sources */,
			);
			runOnlyForDeploymentPostprocessing = 0;
		};
/* End PBXSourcesBuildPhase section */

/* Begin XCBuildConfiguration section */
		48C652A1200B81C400A3795C /* Debug */ = {
			isa = XCBuildConfiguration;
			buildSettings = {
				ALWAYS_SEARCH_USER_PATHS = NO;
				CLANG_ANALYZER_NONNULL = YES;
				CLANG_ANALYZER_NUMBER_OBJECT_CONVERSION = YES_AGGRESSIVE;
				CLANG_CXX_LANGUAGE_STANDARD = "gnu++14";
				CLANG_CXX_LIBRARY = "libc++";
				CLANG_ENABLE_MODULES = YES;
				CLANG_ENABLE_OBJC_ARC = YES;
				CLANG_WARN_BLOCK_CAPTURE_AUTORELEASING = YES;
				CLANG_WARN_BOOL_CONVERSION = YES;
				CLANG_WARN_COMMA = YES;
				CLANG_WARN_CONSTANT_CONVERSION = YES;
				CLANG_WARN_DIRECT_OBJC_ISA_USAGE = YES_ERROR;
				CLANG_WARN_DOCUMENTATION_COMMENTS = YES;
				CLANG_WARN_EMPTY_BODY = YES;
				CLANG_WARN_ENUM_CONVERSION = YES;
				CLANG_WARN_INFINITE_RECURSION = YES;
				CLANG_WARN_INT_CONVERSION = YES;
				CLANG_WARN_NON_LITERAL_NULL_CONVERSION = YES;
				CLANG_WARN_OBJC_LITERAL_CONVERSION = YES;
				CLANG_WARN_OBJC_ROOT_CLASS = YES_ERROR;
				CLANG_WARN_RANGE_LOOP_ANALYSIS = YES;
				CLANG_WARN_STRICT_PROTOTYPES = YES;
				CLANG_WARN_SUSPICIOUS_MOVE = YES;
				CLANG_WARN_UNGUARDED_AVAILABILITY = YES_AGGRESSIVE;
				CLANG_WARN_UNREACHABLE_CODE = YES;
				CLANG_WARN__DUPLICATE_METHOD_MATCH = YES;
				CODE_SIGN_IDENTITY = "";
				COPY_PHASE_STRIP = NO;
				DEBUG_INFORMATION_FORMAT = dwarf;
				ENABLE_STRICT_OBJC_MSGSEND = YES;
				ENABLE_TESTABILITY = YES;
				GCC_C_LANGUAGE_STANDARD = gnu11;
				GCC_DYNAMIC_NO_PIC = NO;
				GCC_NO_COMMON_BLOCKS = YES;
				GCC_OPTIMIZATION_LEVEL = 0;
				GCC_PREPROCESSOR_DEFINITIONS = (
					"DEBUG=1",
					"$(inherited)",
				);
				GCC_WARN_64_TO_32_BIT_CONVERSION = YES;
				GCC_WARN_ABOUT_RETURN_TYPE = YES_ERROR;
				GCC_WARN_UNDECLARED_SELECTOR = YES;
				GCC_WARN_UNINITIALIZED_AUTOS = YES_AGGRESSIVE;
				GCC_WARN_UNUSED_FUNCTION = YES;
				GCC_WARN_UNUSED_VARIABLE = YES;
				IPHONEOS_DEPLOYMENT_TARGET = 8.0;
				MTL_ENABLE_DEBUG_INFO = YES;
				ONLY_ACTIVE_ARCH = YES;
				SDKROOT = iphoneos;
			};
			name = Debug;
		};
		48C652A2200B81C400A3795C /* Release */ = {
			isa = XCBuildConfiguration;
			buildSettings = {
				ALWAYS_SEARCH_USER_PATHS = NO;
				CLANG_ANALYZER_NONNULL = YES;
				CLANG_ANALYZER_NUMBER_OBJECT_CONVERSION = YES_AGGRESSIVE;
				CLANG_CXX_LANGUAGE_STANDARD = "gnu++14";
				CLANG_CXX_LIBRARY = "libc++";
				CLANG_ENABLE_MODULES = YES;
				CLANG_ENABLE_OBJC_ARC = YES;
				CLANG_WARN_BLOCK_CAPTURE_AUTORELEASING = YES;
				CLANG_WARN_BOOL_CONVERSION = YES;
				CLANG_WARN_COMMA = YES;
				CLANG_WARN_CONSTANT_CONVERSION = YES;
				CLANG_WARN_DIRECT_OBJC_ISA_USAGE = YES_ERROR;
				CLANG_WARN_DOCUMENTATION_COMMENTS = YES;
				CLANG_WARN_EMPTY_BODY = YES;
				CLANG_WARN_ENUM_CONVERSION = YES;
				CLANG_WARN_INFINITE_RECURSION = YES;
				CLANG_WARN_INT_CONVERSION = YES;
				CLANG_WARN_NON_LITERAL_NULL_CONVERSION = YES;
				CLANG_WARN_OBJC_LITERAL_CONVERSION = YES;
				CLANG_WARN_OBJC_ROOT_CLASS = YES_ERROR;
				CLANG_WARN_RANGE_LOOP_ANALYSIS = YES;
				CLANG_WARN_STRICT_PROTOTYPES = YES;
				CLANG_WARN_SUSPICIOUS_MOVE = YES;
				CLANG_WARN_UNGUARDED_AVAILABILITY = YES_AGGRESSIVE;
				CLANG_WARN_UNREACHABLE_CODE = YES;
				CLANG_WARN__DUPLICATE_METHOD_MATCH = YES;
				CODE_SIGN_IDENTITY = "";
				COPY_PHASE_STRIP = NO;
				DEBUG_INFORMATION_FORMAT = "dwarf-with-dsym";
				ENABLE_NS_ASSERTIONS = NO;
				ENABLE_STRICT_OBJC_MSGSEND = YES;
				GCC_C_LANGUAGE_STANDARD = gnu11;
				GCC_NO_COMMON_BLOCKS = YES;
				GCC_WARN_64_TO_32_BIT_CONVERSION = YES;
				GCC_WARN_ABOUT_RETURN_TYPE = YES_ERROR;
				GCC_WARN_UNDECLARED_SELECTOR = YES;
				GCC_WARN_UNINITIALIZED_AUTOS = YES_AGGRESSIVE;
				GCC_WARN_UNUSED_FUNCTION = YES;
				GCC_WARN_UNUSED_VARIABLE = YES;
				IPHONEOS_DEPLOYMENT_TARGET = 8.0;
				MTL_ENABLE_DEBUG_INFO = NO;
				SDKROOT = iphoneos;
				VALIDATE_PRODUCT = YES;
			};
			name = Release;
		};
		48C652A4200B81C400A3795C /* Debug */ = {
			isa = XCBuildConfiguration;
			buildSettings = {
				CODE_SIGN_IDENTITY = "";
				CODE_SIGN_STYLE = Automatic;
				DEVELOPMENT_TEAM = "";
				OTHER_LDFLAGS = "-ObjC";
				PRODUCT_NAME = "$(TARGET_NAME)";
				SKIP_INSTALL = YES;
				TARGETED_DEVICE_FAMILY = "1,2";
			};
			name = Debug;
		};
		48C652A5200B81C400A3795C /* Release */ = {
			isa = XCBuildConfiguration;
			buildSettings = {
				CODE_SIGN_IDENTITY = "";
				CODE_SIGN_STYLE = Automatic;
				DEVELOPMENT_TEAM = "";
				OTHER_LDFLAGS = "-ObjC";
				PRODUCT_NAME = "$(TARGET_NAME)";
				SKIP_INSTALL = YES;
				TARGETED_DEVICE_FAMILY = "1,2";
			};
			name = Release;
		};
		D14181902254E1EF009CE9B4 /* Debug */ = {
			isa = XCBuildConfiguration;
			buildSettings = {
				CLANG_ENABLE_OBJC_WEAK = YES;
				CLANG_WARN_DEPRECATED_OBJC_IMPLEMENTATIONS = YES;
				CLANG_WARN_OBJC_IMPLICIT_RETAIN_SELF = YES;
				CODE_SIGN_STYLE = Automatic;
				MTL_ENABLE_DEBUG_INFO = INCLUDE_SOURCE;
				MTL_FAST_MATH = YES;
				OTHER_LDFLAGS = "-ObjC";
				PRODUCT_NAME = "$(TARGET_NAME)";
				SDKROOT = appletvos;
				SKIP_INSTALL = YES;
				TARGETED_DEVICE_FAMILY = 3;
				TVOS_DEPLOYMENT_TARGET = 12.1;
			};
			name = Debug;
		};
		D14181912254E1EF009CE9B4 /* Release */ = {
			isa = XCBuildConfiguration;
			buildSettings = {
				CLANG_ENABLE_OBJC_WEAK = YES;
				CLANG_WARN_DEPRECATED_OBJC_IMPLEMENTATIONS = YES;
				CLANG_WARN_OBJC_IMPLICIT_RETAIN_SELF = YES;
				CODE_SIGN_STYLE = Automatic;
				MTL_FAST_MATH = YES;
				OTHER_LDFLAGS = "-ObjC";
				PRODUCT_NAME = "$(TARGET_NAME)";
				SDKROOT = appletvos;
				SKIP_INSTALL = YES;
				TARGETED_DEVICE_FAMILY = 3;
				TVOS_DEPLOYMENT_TARGET = 12.1;
			};
			name = Release;
		};
/* End XCBuildConfiguration section */

/* Begin XCConfigurationList section */
		48C65295200B81C400A3795C /* Build configuration list for PBXProject "RNPayments" */ = {
			isa = XCConfigurationList;
			buildConfigurations = (
				48C652A1200B81C400A3795C /* Debug */,
				48C652A2200B81C400A3795C /* Release */,
			);
			defaultConfigurationIsVisible = 0;
			defaultConfigurationName = Release;
		};
		48C652A3200B81C400A3795C /* Build configuration list for PBXNativeTarget "RNPayments" */ = {
			isa = XCConfigurationList;
			buildConfigurations = (
				48C652A4200B81C400A3795C /* Debug */,
				48C652A5200B81C400A3795C /* Release */,
			);
			defaultConfigurationIsVisible = 0;
			defaultConfigurationName = Release;
		};
		D14181922254E1EF009CE9B4 /* Build configuration list for PBXNativeTarget "RNPayments-tvOS" */ = {
			isa = XCConfigurationList;
			buildConfigurations = (
				D14181902254E1EF009CE9B4 /* Debug */,
				D14181912254E1EF009CE9B4 /* Release */,
			);
			defaultConfigurationIsVisible = 0;
			defaultConfigurationName = Release;
		};
/* End XCConfigurationList section */
	};
	rootObject = 48C65292200B81C400A3795C /* Project object */;
}
